
Microsoft Visual Studio Solution File, Format Version 12.00
# Visual Studio Version 16
VisualStudioVersion = 16.0.29123.88
MinimumVisualStudioVersion = 10.0.40219.1
Project("{FAE04EC0-301F-11D3-BF4B-00C04F79EFBC}") = "Funwiththread", "Funwiththread\Funwiththread.csproj", "{8EACEA4C-5676-4CB6-8E85-474BDF513AD7}"
EndProject
Global
	GlobalSection(SolutionConfigurationPlatforms) = preSolution
		Debug|Any CPU = Debug|Any CPU
		Release|Any CPU = Release|Any CPU
	EndGlobalSection
	GlobalSection(ProjectConfigurationPlatforms) = postSolution
		{8EACEA4C-5676-4CB6-8E85-474BDF513AD7}.Debug|Any CPU.ActiveCfg = Debug|Any CPU
		{8EACEA4C-5676-4CB6-8E85-474BDF513AD7}.Debug|Any CPU.Build.0 = Debug|Any CPU
		{8EACEA4C-5676-4CB6-8E85-474BDF513AD7}.Release|Any CPU.ActiveCfg = Release|Any CPU
		{8EACEA4C-5676-4CB6-8E85-474BDF513AD7}.Release|Any CPU.Build.0 = Release|Any CPU
	EndGlobalSection
	GlobalSection(SolutionProperties) = preSolution
		HideSolutionNode = FALSE
	EndGlobalSection
	GlobalSection(ExtensibilityGlobals) = postSolution
		SolutionGuid = {DE93E231-961B-45C3-8454-E0E6674B79B5}
	EndGlobalSection
EndGlobal
